Microsoft Visual Studio Solution File, Format Version 12.00
# Visual Studio Version 17
VisualStudioVersion = 17.5.2.0
MinimumVisualStudioVersion = 10.0.40219.1
Project("{FAE04EC0-301F-11D3-BF4B-00C04F79EFBC}") = "SkillBridge.Api", "SkillBridge.Api\SkillBridge.Api.csproj", "{A5408702-9DAD-8FD0-EDC2-1DB99BDBFFB8}"
EndProject
Global
	GlobalSection(SolutionConfigurationPlatforms) = preSolution
		Debug|Any CPU = Debug|Any CPU
		Release|Any CPU = Release|Any CPU
	EndGlobalSection
	GlobalSection(ProjectConfigurationPlatforms) = postSolution
		{A5408702-9DAD-8FD0-EDC2-1DB99BDBFFB8}.Debug|Any CPU.ActiveCfg = Debug|Any CPU
		{A5408702-9DAD-8FD0-EDC2-1DB99BDBFFB8}.Debug|Any CPU.Build.0 = Debug|Any CPU
		{A5408702-9DAD-8FD0-EDC2-1DB99BDBFFB8}.Release|Any CPU.ActiveCfg = Release|Any CPU
		{A5408702-9DAD-8FD0-EDC2-1DB99BDBFFB8}.Release|Any CPU.Build.0 = Release|Any CPU
	EndGlobalSection
	GlobalSection(SolutionProperties) = preSolution
		HideSolutionNode = FALSE
	EndGlobalSection
	GlobalSection(ExtensibilityGlobals) = postSolution
		SolutionGuid = {C85FA9B7-5142-45E3-8DAF-CACD23131426}
	EndGlobalSection
EndGlobal
